
Microsoft Visual Studio Solution File, Format Version 12.00
# Visual Studio Version 18
VisualStudioVersion = 18.8.11904.113
MinimumVisualStudioVersion = 10.0.40219.1
Project("{9A19103F-16F7-4668-BE54-9A1E7A4F7556}") = "TEHhub", "TEHhub\TEHhub.csproj", "{F91E45A5-0DEE-4D4C-A89C-69B18F38134E}"
	ProjectSection(ProjectDependencies) = postProject
		{95B261DD-906E-4634-81D4-0A5A8C1D9398} = {95B261DD-906E-4634-81D4-0A5A8C1D9398}
	EndProjectSection
EndProject
Project("{9A19103F-16F7-4668-BE54-9A1E7A4F7556}") = "TEHhub.Offsets", "TEHhub.Offsets\TEHhub.Offsets.csproj", "{95B261DD-906E-4634-81D4-0A5A8C1D9398}"
EndProject
Project("{9A19103F-16F7-4668-BE54-9A1E7A4F7556}") = "PreloadAlert", "Plugins\PreloadAlert\PreloadAlert.csproj", "{112D3DA8-8800-4DAF-9170-B1F0EB8249C7}"
	ProjectSection(ProjectDependencies) = postProject
		{95B261DD-906E-4634-81D4-0A5A8C1D9398} = {95B261DD-906E-4634-81D4-0A5A8C1D9398}
	EndProjectSection
EndProject
Project("{9A19103F-16F7-4668-BE54-9A1E7A4F7556}") = "Radar", "Plugins\Radar\Radar.csproj", "{8F659334-9906-4693-B1D3-8ABC188E83A5}"
	ProjectSection(ProjectDependencies) = postProject
		{95B261DD-906E-4634-81D4-0A5A8C1D9398} = {95B261DD-906E-4634-81D4-0A5A8C1D9398}
	EndProjectSection
EndProject
Project("{9A19103F-16F7-4668-BE54-9A1E7A4F7556}") = "AutoHotKeyTrigger", "Plugins\AutoHotKeyTrigger\AutoHotKeyTrigger.csproj", "{86A443FF-7326-4B21-BC81-20813A7E307E}"
EndProject
Project("{9A19103F-16F7-4668-BE54-9A1E7A4F7556}") = "HealthBars", "Plugins\HealthBars\HealthBars.csproj", "{113DA4E9-73EB-411C-B328-6440DBB5AB1C}"
EndProject
Project("{2150E333-8FDC-42A3-9474-1A3956D46DE8}") = "Solution Items", "Solution Items", "{9199746C-1A0F-4BB9-8351-405FE910A2A0}"
	ProjectSection(SolutionItems) = preProject
		.editorconfig = .editorconfig
	EndProjectSection
EndProject
Project("{9A19103F-16F7-4668-BE54-9A1E7A4F7556}") = "TEHhub.Launcher", "TEHhub.Launcher\TEHhub.Launcher.csproj", "{E7010E4F-030C-44B5-8327-7595448258F6}"
EndProject
Project("{2150E333-8FDC-42A3-9474-1A3956D46DE8}") = "Plugins", "Plugins", "{9FA3D6BD-1EC1-3BA5-80CB-CE02773A58D5}"
EndProject
Project("{9A19103F-16F7-4668-BE54-9A1E7A4F7556}") = "Atlas2", "Plugins\Atlas2\Atlas2.csproj", "{A712B3C4-2E5F-4A9B-B0D1-8F6C7E2A9D31}"
EndProject
Project("{9A19103F-16F7-4668-BE54-9A1E7A4F7556}") = "PlayerBuffBar", "Plugins\PlayerBuffBar\PlayerBuffBar.csproj", "{AF129C4E-C562-420F-95A6-0537495A0522}"
EndProject
Project("{9A19103F-16F7-4668-BE54-9A1E7A4F7556}") = "RitualWispAlert", "Plugins\RitualWispAlert\RitualWispAlert.csproj", "{C7F64F63-86AD-4976-B172-5BB6E93BC67B}"
EndProject
Project("{FAE04EC0-301F-11D3-BF4B-00C04F79EFBC}") = "PickupHelper", "Plugins\PickupHelper\PickupHelper.csproj", "{A977E0C2-4216-4411-966C-74CB24F8C2B1}"
EndProject
Project("{9A19103F-16F7-4668-BE54-9A1E7A4F7556}") = "AmanamuVoidAlert", "Plugins\AmanamuVoidAlert\AmanamuVoidAlert.csproj", "{E50A4078-0460-450E-86B9-D2FC3DCEEA8F}"
EndProject
Project("{9A19103F-16F7-4668-BE54-9A1E7A4F7556}") = "AutoExile2", "Plugins\AutoExile2\AutoExile2.csproj", "{394FCF3B-F196-454C-A863-C9005D679F65}"
EndProject
Project("{FAE04EC0-301F-11D3-BF4B-00C04F79EFBC}") = "NinjaPricer", "Plugins\NinjaPricer\NinjaPricer.csproj", "{25F2EB07-0316-4213-B0BB-761D57A14E2F}"
EndProject
Project("{FAE04EC0-301F-11D3-BF4B-00C04F79EFBC}") = "myFarming", "Plugins\myFarming\myFarming.csproj", "{0774B44C-822D-40DB-B30F-C8BBBCCC3D3B}"
EndProject
Project("{FAE04EC0-301F-11D3-BF4B-00C04F79EFBC}") = "ExpeditionPathOptimizer", "Plugins\ExpeditionPathOptimizer\ExpeditionPathOptimizer.csproj", "{3DF45F9B-4E60-47AD-AA9B-E429E11DBD0A}"
EndProject
Project("{2150E333-8FDC-42A3-9474-1A3956D46DE8}") = "tools", "tools", "{07C2787E-EAC7-C090-1BA3-A61EC2A24D84}"
EndProject
Project("{FAE04EC0-301F-11D3-BF4B-00C04F79EFBC}") = "TEHhub.OffsetDoctor", "tools\TEHhub.OffsetDoctor\TEHhub.OffsetDoctor.csproj", "{1E0A8B21-864A-4B73-A9BC-DE57264921AA}"
EndProject
Project("{FAE04EC0-301F-11D3-BF4B-00C04F79EFBC}") = "TEHhub.OffsetDoctor.Tests", "tools\TEHhub.OffsetDoctor.Tests\TEHhub.OffsetDoctor.Tests.csproj", "{BA901E7E-435A-4668-A860-74103CDD019F}"
EndProject
Project("{FAE04EC0-301F-11D3-BF4B-00C04F79EFBC}") = "TEHhub.OffsetDoctor.Gui", "tools\TEHhub.OffsetDoctor.Gui\TEHhub.OffsetDoctor.Gui.csproj", "{E1898D04-EDF3-4FB1-A190-26EC8A91D6E6}"
EndProject
Global
	GlobalSection(SolutionConfigurationPlatforms) = preSolution
		Debug|Any CPU = Debug|Any CPU
		Debug|x64 = Debug|x64
		Debug|x86 = Debug|x86
		Release|Any CPU = Release|Any CPU
		Release|x64 = Release|x64
		Release|x86 = Release|x86
	EndGlobalSection
	GlobalSection(ProjectConfigurationPlatforms) = postSolution
		{F91E45A5-0DEE-4D4C-A89C-69B18F38134E}.Debug|Any CPU.ActiveCfg = Debug|Any CPU
		{F91E45A5-0DEE-4D4C-A89C-69B18F38134E}.Debug|Any CPU.Build.0 = Debug|Any CPU
		{F91E45A5-0DEE-4D4C-A89C-69B18F38134E}.Debug|x64.ActiveCfg = Debug|Any CPU
		{F91E45A5-0DEE-4D4C-A89C-69B18F38134E}.Debug|x64.Build.0 = Debug|Any CPU
		{F91E45A5-0DEE-4D4C-A89C-69B18F38134E}.Debug|x86.ActiveCfg = Debug|Any CPU
		{F91E45A5-0DEE-4D4C-A89C-69B18F38134E}.Debug|x86.Build.0 = Debug|Any CPU
		{F91E45A5-0DEE-4D4C-A89C-69B18F38134E}.Release|Any CPU.ActiveCfg = Release|Any CPU
		{F91E45A5-0DEE-4D4C-A89C-69B18F38134E}.Release|Any CPU.Build.0 = Release|Any CPU
		{F91E45A5-0DEE-4D4C-A89C-69B18F38134E}.Release|x64.ActiveCfg = Release|Any CPU
		{F91E45A5-0DEE-4D4C-A89C-69B18F38134E}.Release|x64.Build.0 = Release|Any CPU
		{F91E45A5-0DEE-4D4C-A89C-69B18F38134E}.Release|x86.ActiveCfg = Release|Any CPU
		{F91E45A5-0DEE-4D4C-A89C-69B18F38134E}.Release|x86.Build.0 = Release|Any CPU
		{95B261DD-906E-4634-81D4-0A5A8C1D9398}.Debug|Any CPU.ActiveCfg = Debug|Any CPU
		{95B261DD-906E-4634-81D4-0A5A8C1D9398}.Debug|Any CPU.Build.0 = Debug|Any CPU
		{95B261DD-906E-4634-81D4-0A5A8C1D9398}.Debug|x64.ActiveCfg = Debug|Any CPU
		{95B261DD-906E-4634-81D4-0A5A8C1D9398}.Debug|x64.Build.0 = Debug|Any CPU
		{95B261DD-906E-4634-81D4-0A5A8C1D9398}.Debug|x86.ActiveCfg = Debug|Any CPU
		{95B261DD-906E-4634-81D4-0A5A8C1D9398}.Debug|x86.Build.0 = Debug|Any CPU
		{95B261DD-906E-4634-81D4-0A5A8C1D9398}.Release|Any CPU.ActiveCfg = Release|Any CPU
		{95B261DD-906E-4634-81D4-0A5A8C1D9398}.Release|Any CPU.Build.0 = Release|Any CPU
		{95B261DD-906E-4634-81D4-0A5A8C1D9398}.Release|x64.ActiveCfg = Release|Any CPU
		{95B261DD-906E-4634-81D4-0A5A8C1D9398}.Release|x64.Build.0 = Release|Any CPU
		{95B261DD-906E-4634-81D4-0A5A8C1D9398}.Release|x86.ActiveCfg = Release|Any CPU
		{95B261DD-906E-4634-81D4-0A5A8C1D9398}.Release|x86.Build.0 = Release|Any CPU
		{112D3DA8-8800-4DAF-9170-B1F0EB8249C7}.Debug|Any CPU.ActiveCfg = Debug|Any CPU
		{112D3DA8-8800-4DAF-9170-B1F0EB8249C7}.Debug|Any CPU.Build.0 = Debug|Any CPU
		{112D3DA8-8800-4DAF-9170-B1F0EB8249C7}.Debug|x64.ActiveCfg = Debug|Any CPU
		{112D3DA8-8800-4DAF-9170-B1F0EB8249C7}.Debug|x64.Build.0 = Debug|Any CPU
		{112D3DA8-8800-4DAF-9170-B1F0EB8249C7}.Debug|x86.ActiveCfg = Debug|Any CPU
		{112D3DA8-8800-4DAF-9170-B1F0EB8249C7}.Debug|x86.Build.0 = Debug|Any CPU
		{112D3DA8-8800-4DAF-9170-B1F0EB8249C7}.Release|Any CPU.ActiveCfg = Release|Any CPU
		{112D3DA8-8800-4DAF-9170-B1F0EB8249C7}.Release|Any CPU.Build.0 = Release|Any CPU
		{112D3DA8-8800-4DAF-9170-B1F0EB8249C7}.Release|x64.ActiveCfg = Release|Any CPU
		{112D3DA8-8800-4DAF-9170-B1F0EB8249C7}.Release|x64.Build.0 = Release|Any CPU
		{112D3DA8-8800-4DAF-9170-B1F0EB8249C7}.Release|x86.ActiveCfg = Release|Any CPU
		{112D3DA8-8800-4DAF-9170-B1F0EB8249C7}.Release|x86.Build.0 = Release|Any CPU
		{8F659334-9906-4693-B1D3-8ABC188E83A5}.Debug|Any CPU.ActiveCfg = Debug|Any CPU
		{8F659334-9906-4693-B1D3-8ABC188E83A5}.Debug|Any CPU.Build.0 = Debug|Any CPU
		{8F659334-9906-4693-B1D3-8ABC188E83A5}.Debug|x64.ActiveCfg = Debug|Any CPU
		{8F659334-9906-4693-B1D3-8ABC188E83A5}.Debug|x64.Build.0 = Debug|Any CPU
		{8F659334-9906-4693-B1D3-8ABC188E83A5}.Debug|x86.ActiveCfg = Debug|Any CPU
		{8F659334-9906-4693-B1D3-8ABC188E83A5}.Debug|x86.Build.0 = Debug|Any CPU
		{8F659334-9906-4693-B1D3-8ABC188E83A5}.Release|Any CPU.ActiveCfg = Release|Any CPU
		{8F659334-9906-4693-B1D3-8ABC188E83A5}.Release|Any CPU.Build.0 = Release|Any CPU
		{8F659334-9906-4693-B1D3-8ABC188E83A5}.Release|x64.ActiveCfg = Release|Any CPU
		{8F659334-9906-4693-B1D3-8ABC188E83A5}.Release|x64.Build.0 = Release|Any CPU
		{8F659334-9906-4693-B1D3-8ABC188E83A5}.Release|x86.ActiveCfg = Release|Any CPU
		{8F659334-9906-4693-B1D3-8ABC188E83A5}.Release|x86.Build.0 = Release|Any CPU
		{86A443FF-7326-4B21-BC81-20813A7E307E}.Debug|Any CPU.ActiveCfg = Debug|Any CPU
		{86A443FF-7326-4B21-BC81-20813A7E307E}.Debug|Any CPU.Build.0 = Debug|Any CPU
		{86A443FF-7326-4B21-BC81-20813A7E307E}.Debug|x64.ActiveCfg = Debug|Any CPU
		{86A443FF-7326-4B21-BC81-20813A7E307E}.Debug|x64.Build.0 = Debug|Any CPU
		{86A443FF-7326-4B21-BC81-20813A7E307E}.Debug|x86.ActiveCfg = Debug|Any CPU
		{86A443FF-7326-4B21-BC81-20813A7E307E}.Debug|x86.Build.0 = Debug|Any CPU
		{86A443FF-7326-4B21-BC81-20813A7E307E}.Release|Any CPU.ActiveCfg = Release|Any CPU
		{86A443FF-7326-4B21-BC81-20813A7E307E}.Release|Any CPU.Build.0 = Release|Any CPU
		{86A443FF-7326-4B21-BC81-20813A7E307E}.Release|x64.ActiveCfg = Release|Any CPU
		{86A443FF-7326-4B21-BC81-20813A7E307E}.Release|x64.Build.0 = Release|Any CPU
		{86A443FF-7326-4B21-BC81-20813A7E307E}.Release|x86.ActiveCfg = Release|Any CPU
		{86A443FF-7326-4B21-BC81-20813A7E307E}.Release|x86.Build.0 = Release|Any CPU
		{113DA4E9-73EB-411C-B328-6440DBB5AB1C}.Debug|Any CPU.ActiveCfg = Debug|Any CPU
		{113DA4E9-73EB-411C-B328-6440DBB5AB1C}.Debug|Any CPU.Build.0 = Debug|Any CPU
		{113DA4E9-73EB-411C-B328-6440DBB5AB1C}.Debug|x64.ActiveCfg = Debug|Any CPU
		{113DA4E9-73EB-411C-B328-6440DBB5AB1C}.Debug|x64.Build.0 = Debug|Any CPU
		{113DA4E9-73EB-411C-B328-6440DBB5AB1C}.Debug|x86.ActiveCfg = Debug|Any CPU
		{113DA4E9-73EB-411C-B328-6440DBB5AB1C}.Debug|x86.Build.0 = Debug|Any CPU
		{113DA4E9-73EB-411C-B328-6440DBB5AB1C}.Release|Any CPU.ActiveCfg = Release|Any CPU
		{113DA4E9-73EB-411C-B328-6440DBB5AB1C}.Release|Any CPU.Build.0 = Release|Any CPU
		{113DA4E9-73EB-411C-B328-6440DBB5AB1C}.Release|x64.ActiveCfg = Release|Any CPU
		{113DA4E9-73EB-411C-B328-6440DBB5AB1C}.Release|x64.Build.0 = Release|Any CPU
		{113DA4E9-73EB-411C-B328-6440DBB5AB1C}.Release|x86.ActiveCfg = Release|Any CPU
		{113DA4E9-73EB-411C-B328-6440DBB5AB1C}.Release|x86.Build.0 = Release|Any CPU
		{E7010E4F-030C-44B5-8327-7595448258F6}.Debug|Any CPU.ActiveCfg = Debug|Any CPU
		{E7010E4F-030C-44B5-8327-7595448258F6}.Debug|Any CPU.Build.0 = Debug|Any CPU
		{E7010E4F-030C-44B5-8327-7595448258F6}.Debug|x64.ActiveCfg = Debug|Any CPU
		{E7010E4F-030C-44B5-8327-7595448258F6}.Debug|x64.Build.0 = Debug|Any CPU
		{E7010E4F-030C-44B5-8327-7595448258F6}.Debug|x86.ActiveCfg = Debug|Any CPU
		{E7010E4F-030C-44B5-8327-7595448258F6}.Debug|x86.Build.0 = Debug|Any CPU
		{E7010E4F-030C-44B5-8327-7595448258F6}.Release|Any CPU.ActiveCfg = Release|Any CPU
		{E7010E4F-030C-44B5-8327-7595448258F6}.Release|Any CPU.Build.0 = Release|Any CPU
		{E7010E4F-030C-44B5-8327-7595448258F6}.Release|x64.ActiveCfg = Release|Any CPU
		{E7010E4F-030C-44B5-8327-7595448258F6}.Release|x64.Build.0 = Release|Any CPU
		{E7010E4F-030C-44B5-8327-7595448258F6}.Release|x86.ActiveCfg = Release|Any CPU
		{E7010E4F-030C-44B5-8327-7595448258F6}.Release|x86.Build.0 = Release|Any CPU
		{A712B3C4-2E5F-4A9B-B0D1-8F6C7E2A9D31}.Debug|Any CPU.ActiveCfg = Debug|Any CPU
		{A712B3C4-2E5F-4A9B-B0D1-8F6C7E2A9D31}.Debug|Any CPU.Build.0 = Debug|Any CPU
		{A712B3C4-2E5F-4A9B-B0D1-8F6C7E2A9D31}.Debug|x64.ActiveCfg = Debug|Any CPU
		{A712B3C4-2E5F-4A9B-B0D1-8F6C7E2A9D31}.Debug|x64.Build.0 = Debug|Any CPU
		{A712B3C4-2E5F-4A9B-B0D1-8F6C7E2A9D31}.Debug|x86.ActiveCfg = Debug|Any CPU
		{A712B3C4-2E5F-4A9B-B0D1-8F6C7E2A9D31}.Debug|x86.Build.0 = Debug|Any CPU
		{A712B3C4-2E5F-4A9B-B0D1-8F6C7E2A9D31}.Release|Any CPU.ActiveCfg = Release|Any CPU
		{A712B3C4-2E5F-4A9B-B0D1-8F6C7E2A9D31}.Release|Any CPU.Build.0 = Release|Any CPU
		{A712B3C4-2E5F-4A9B-B0D1-8F6C7E2A9D31}.Release|x64.ActiveCfg = Release|Any CPU
		{A712B3C4-2E5F-4A9B-B0D1-8F6C7E2A9D31}.Release|x64.Build.0 = Release|Any CPU
		{A712B3C4-2E5F-4A9B-B0D1-8F6C7E2A9D31}.Release|x86.ActiveCfg = Release|Any CPU
		{A712B3C4-2E5F-4A9B-B0D1-8F6C7E2A9D31}.Release|x86.Build.0 = Release|Any CPU
		{AF129C4E-C562-420F-95A6-0537495A0522}.Debug|Any CPU.ActiveCfg = Debug|Any CPU
		{AF129C4E-C562-420F-95A6-0537495A0522}.Debug|Any CPU.Build.0 = Debug|Any CPU
		{AF129C4E-C562-420F-95A6-0537495A0522}.Debug|x64.ActiveCfg = Debug|Any CPU
		{AF129C4E-C562-420F-95A6-0537495A0522}.Debug|x64.Build.0 = Debug|Any CPU
		{AF129C4E-C562-420F-95A6-0537495A0522}.Debug|x86.ActiveCfg = Debug|Any CPU
		{AF129C4E-C562-420F-95A6-0537495A0522}.Debug|x86.Build.0 = Debug|Any CPU
		{AF129C4E-C562-420F-95A6-0537495A0522}.Release|Any CPU.ActiveCfg = Release|Any CPU
		{AF129C4E-C562-420F-95A6-0537495A0522}.Release|Any CPU.Build.0 = Release|Any CPU
		{AF129C4E-C562-420F-95A6-0537495A0522}.Release|x64.ActiveCfg = Release|Any CPU
		{AF129C4E-C562-420F-95A6-0537495A0522}.Release|x64.Build.0 = Release|Any CPU
		{AF129C4E-C562-420F-95A6-0537495A0522}.Release|x86.ActiveCfg = Release|Any CPU
		{AF129C4E-C562-420F-95A6-0537495A0522}.Release|x86.Build.0 = Release|Any CPU
		{C7F64F63-86AD-4976-B172-5BB6E93BC67B}.Debug|Any CPU.ActiveCfg = Debug|Any CPU
		{C7F64F63-86AD-4976-B172-5BB6E93BC67B}.Debug|Any CPU.Build.0 = Debug|Any CPU
		{C7F64F63-86AD-4976-B172-5BB6E93BC67B}.Debug|x64.ActiveCfg = Debug|Any CPU
		{C7F64F63-86AD-4976-B172-5BB6E93BC67B}.Debug|x64.Build.0 = Debug|Any CPU
		{C7F64F63-86AD-4976-B172-5BB6E93BC67B}.Debug|x86.ActiveCfg = Debug|Any CPU
		{C7F64F63-86AD-4976-B172-5BB6E93BC67B}.Debug|x86.Build.0 = Debug|Any CPU
		{C7F64F63-86AD-4976-B172-5BB6E93BC67B}.Release|Any CPU.ActiveCfg = Release|Any CPU
		{C7F64F63-86AD-4976-B172-5BB6E93BC67B}.Release|Any CPU.Build.0 = Release|Any CPU
		{C7F64F63-86AD-4976-B172-5BB6E93BC67B}.Release|x64.ActiveCfg = Release|Any CPU
		{C7F64F63-86AD-4976-B172-5BB6E93BC67B}.Release|x64.Build.0 = Release|Any CPU
		{C7F64F63-86AD-4976-B172-5BB6E93BC67B}.Release|x86.ActiveCfg = Release|Any CPU
		{C7F64F63-86AD-4976-B172-5BB6E93BC67B}.Release|x86.Build.0 = Release|Any CPU
		{A977E0C2-4216-4411-966C-74CB24F8C2B1}.Debug|Any CPU.ActiveCfg = Debug|Any CPU
		{A977E0C2-4216-4411-966C-74CB24F8C2B1}.Debug|Any CPU.Build.0 = Debug|Any CPU
		{A977E0C2-4216-4411-966C-74CB24F8C2B1}.Debug|x64.ActiveCfg = Debug|Any CPU
		{A977E0C2-4216-4411-966C-74CB24F8C2B1}.Debug|x64.Build.0 = Debug|Any CPU
		{A977E0C2-4216-4411-966C-74CB24F8C2B1}.Debug|x86.ActiveCfg = Debug|Any CPU
		{A977E0C2-4216-4411-966C-74CB24F8C2B1}.Debug|x86.Build.0 = Debug|Any CPU
		{A977E0C2-4216-4411-966C-74CB24F8C2B1}.Release|Any CPU.ActiveCfg = Release|Any CPU
		{A977E0C2-4216-4411-966C-74CB24F8C2B1}.Release|Any CPU.Build.0 = Release|Any CPU
		{A977E0C2-4216-4411-966C-74CB24F8C2B1}.Release|x64.ActiveCfg = Release|Any CPU
		{A977E0C2-4216-4411-966C-74CB24F8C2B1}.Release|x64.Build.0 = Release|Any CPU
		{A977E0C2-4216-4411-966C-74CB24F8C2B1}.Release|x86.ActiveCfg = Release|Any CPU
		{A977E0C2-4216-4411-966C-74CB24F8C2B1}.Release|x86.Build.0 = Release|Any CPU
		{E50A4078-0460-450E-86B9-D2FC3DCEEA8F}.Debug|Any CPU.ActiveCfg = Debug|Any CPU
		{E50A4078-0460-450E-86B9-D2FC3DCEEA8F}.Debug|Any CPU.Build.0 = Debug|Any CPU
		{E50A4078-0460-450E-86B9-D2FC3DCEEA8F}.Debug|x64.ActiveCfg = Debug|Any CPU
		{E50A4078-0460-450E-86B9-D2FC3DCEEA8F}.Debug|x64.Build.0 = Debug|Any CPU
		{E50A4078-0460-450E-86B9-D2FC3DCEEA8F}.Debug|x86.ActiveCfg = Debug|Any CPU
		{E50A4078-0460-450E-86B9-D2FC3DCEEA8F}.Debug|x86.Build.0 = Debug|Any CPU
		{E50A4078-0460-450E-86B9-D2FC3DCEEA8F}.Release|Any CPU.ActiveCfg = Release|Any CPU
		{E50A4078-0460-450E-86B9-D2FC3DCEEA8F}.Release|Any CPU.Build.0 = Release|Any CPU
		{E50A4078-0460-450E-86B9-D2FC3DCEEA8F}.Release|x64.ActiveCfg = Release|Any CPU
		{E50A4078-0460-450E-86B9-D2FC3DCEEA8F}.Release|x64.Build.0 = Release|Any CPU
		{E50A4078-0460-450E-86B9-D2FC3DCEEA8F}.Release|x86.ActiveCfg = Release|Any CPU
		{E50A4078-0460-450E-86B9-D2FC3DCEEA8F}.Release|x86.Build.0 = Release|Any CPU
		{394FCF3B-F196-454C-A863-C9005D679F65}.Debug|Any CPU.ActiveCfg = Debug|Any CPU
		{394FCF3B-F196-454C-A863-C9005D679F65}.Debug|Any CPU.Build.0 = Debug|Any CPU
		{394FCF3B-F196-454C-A863-C9005D679F65}.Debug|x64.ActiveCfg = Debug|Any CPU
		{394FCF3B-F196-454C-A863-C9005D679F65}.Debug|x64.Build.0 = Debug|Any CPU
		{394FCF3B-F196-454C-A863-C9005D679F65}.Debug|x86.ActiveCfg = Debug|Any CPU
		{394FCF3B-F196-454C-A863-C9005D679F65}.Debug|x86.Build.0 = Debug|Any CPU
		{394FCF3B-F196-454C-A863-C9005D679F65}.Release|Any CPU.ActiveCfg = Release|Any CPU
		{394FCF3B-F196-454C-A863-C9005D679F65}.Release|Any CPU.Build.0 = Release|Any CPU
		{394FCF3B-F196-454C-A863-C9005D679F65}.Release|x64.ActiveCfg = Release|Any CPU
		{394FCF3B-F196-454C-A863-C9005D679F65}.Release|x64.Build.0 = Release|Any CPU
		{394FCF3B-F196-454C-A863-C9005D679F65}.Release|x86.ActiveCfg = Release|Any CPU
		{394FCF3B-F196-454C-A863-C9005D679F65}.Release|x86.Build.0 = Release|Any CPU
		{25F2EB07-0316-4213-B0BB-761D57A14E2F}.Debug|Any CPU.ActiveCfg = Debug|Any CPU
		{25F2EB07-0316-4213-B0BB-761D57A14E2F}.Debug|Any CPU.Build.0 = Debug|Any CPU
		{25F2EB07-0316-4213-B0BB-761D57A14E2F}.Debug|x64.ActiveCfg = Debug|Any CPU
		{25F2EB07-0316-4213-B0BB-761D57A14E2F}.Debug|x64.Build.0 = Debug|Any CPU
		{25F2EB07-0316-4213-B0BB-761D57A14E2F}.Debug|x86.ActiveCfg = Debug|Any CPU
		{25F2EB07-0316-4213-B0BB-761D57A14E2F}.Debug|x86.Build.0 = Debug|Any CPU
		{25F2EB07-0316-4213-B0BB-761D57A14E2F}.Release|Any CPU.ActiveCfg = Release|Any CPU
		{25F2EB07-0316-4213-B0BB-761D57A14E2F}.Release|Any CPU.Build.0 = Release|Any CPU
		{25F2EB07-0316-4213-B0BB-761D57A14E2F}.Release|x64.ActiveCfg = Release|Any CPU
		{25F2EB07-0316-4213-B0BB-761D57A14E2F}.Release|x64.Build.0 = Release|Any CPU
		{25F2EB07-0316-4213-B0BB-761D57A14E2F}.Release|x86.ActiveCfg = Release|Any CPU
		{25F2EB07-0316-4213-B0BB-761D57A14E2F}.Release|x86.Build.0 = Release|Any CPU
		{0774B44C-822D-40DB-B30F-C8BBBCCC3D3B}.Debug|Any CPU.ActiveCfg = Debug|Any CPU
		{0774B44C-822D-40DB-B30F-C8BBBCCC3D3B}.Debug|Any CPU.Build.0 = Debug|Any CPU
		{0774B44C-822D-40DB-B30F-C8BBBCCC3D3B}.Debug|x64.ActiveCfg = Debug|Any CPU
		{0774B44C-822D-40DB-B30F-C8BBBCCC3D3B}.Debug|x64.Build.0 = Debug|Any CPU
		{0774B44C-822D-40DB-B30F-C8BBBCCC3D3B}.Debug|x86.ActiveCfg = Debug|Any CPU
		{0774B44C-822D-40DB-B30F-C8BBBCCC3D3B}.Debug|x86.Build.0 = Debug|Any CPU
		{0774B44C-822D-40DB-B30F-C8BBBCCC3D3B}.Release|Any CPU.ActiveCfg = Release|Any CPU
		{0774B44C-822D-40DB-B30F-C8BBBCCC3D3B}.Release|Any CPU.Build.0 = Release|Any CPU
		{0774B44C-822D-40DB-B30F-C8BBBCCC3D3B}.Release|x64.ActiveCfg = Release|Any CPU
		{0774B44C-822D-40DB-B30F-C8BBBCCC3D3B}.Release|x64.Build.0 = Release|Any CPU
		{0774B44C-822D-40DB-B30F-C8BBBCCC3D3B}.Release|x86.ActiveCfg = Release|Any CPU
		{0774B44C-822D-40DB-B30F-C8BBBCCC3D3B}.Release|x86.Build.0 = Release|Any CPU
		{3DF45F9B-4E60-47AD-AA9B-E429E11DBD0A}.Debug|Any CPU.ActiveCfg = Debug|Any CPU
		{3DF45F9B-4E60-47AD-AA9B-E429E11DBD0A}.Debug|Any CPU.Build.0 = Debug|Any CPU
		{3DF45F9B-4E60-47AD-AA9B-E429E11DBD0A}.Debug|x64.ActiveCfg = Debug|Any CPU
		{3DF45F9B-4E60-47AD-AA9B-E429E11DBD0A}.Debug|x64.Build.0 = Debug|Any CPU
		{3DF45F9B-4E60-47AD-AA9B-E429E11DBD0A}.Debug|x86.ActiveCfg = Debug|Any CPU
		{3DF45F9B-4E60-47AD-AA9B-E429E11DBD0A}.Debug|x86.Build.0 = Debug|Any CPU
		{3DF45F9B-4E60-47AD-AA9B-E429E11DBD0A}.Release|Any CPU.ActiveCfg = Release|Any CPU
		{3DF45F9B-4E60-47AD-AA9B-E429E11DBD0A}.Release|Any CPU.Build.0 = Release|Any CPU
		{3DF45F9B-4E60-47AD-AA9B-E429E11DBD0A}.Release|x64.ActiveCfg = Release|Any CPU
		{3DF45F9B-4E60-47AD-AA9B-E429E11DBD0A}.Release|x64.Build.0 = Release|Any CPU
		{3DF45F9B-4E60-47AD-AA9B-E429E11DBD0A}.Release|x86.ActiveCfg = Release|Any CPU
		{3DF45F9B-4E60-47AD-AA9B-E429E11DBD0A}.Release|x86.Build.0 = Release|Any CPU
		{1E0A8B21-864A-4B73-A9BC-DE57264921AA}.Debug|Any CPU.ActiveCfg = Debug|Any CPU
		{1E0A8B21-864A-4B73-A9BC-DE57264921AA}.Debug|Any CPU.Build.0 = Debug|Any CPU
		{1E0A8B21-864A-4B73-A9BC-DE57264921AA}.Debug|x64.ActiveCfg = Debug|Any CPU
		{1E0A8B21-864A-4B73-A9BC-DE57264921AA}.Debug|x64.Build.0 = Debug|Any CPU
		{1E0A8B21-864A-4B73-A9BC-DE57264921AA}.Debug|x86.ActiveCfg = Debug|Any CPU
		{1E0A8B21-864A-4B73-A9BC-DE57264921AA}.Debug|x86.Build.0 = Debug|Any CPU
		{1E0A8B21-864A-4B73-A9BC-DE57264921AA}.Release|Any CPU.ActiveCfg = Release|Any CPU
		{1E0A8B21-864A-4B73-A9BC-DE57264921AA}.Release|Any CPU.Build.0 = Release|Any CPU
		{1E0A8B21-864A-4B73-A9BC-DE57264921AA}.Release|x64.ActiveCfg = Release|Any CPU
		{1E0A8B21-864A-4B73-A9BC-DE57264921AA}.Release|x64.Build.0 = Release|Any CPU
		{1E0A8B21-864A-4B73-A9BC-DE57264921AA}.Release|x86.ActiveCfg = Release|Any CPU
		{1E0A8B21-864A-4B73-A9BC-DE57264921AA}.Release|x86.Build.0 = Release|Any CPU
		{BA901E7E-435A-4668-A860-74103CDD019F}.Debug|Any CPU.ActiveCfg = Debug|Any CPU
		{BA901E7E-435A-4668-A860-74103CDD019F}.Debug|Any CPU.Build.0 = Debug|Any CPU
		{BA901E7E-435A-4668-A860-74103CDD019F}.Debug|x64.ActiveCfg = Debug|Any CPU
		{BA901E7E-435A-4668-A860-74103CDD019F}.Debug|x64.Build.0 = Debug|Any CPU
		{BA901E7E-435A-4668-A860-74103CDD019F}.Debug|x86.ActiveCfg = Debug|Any CPU
		{BA901E7E-435A-4668-A860-74103CDD019F}.Debug|x86.Build.0 = Debug|Any CPU
		{BA901E7E-435A-4668-A860-74103CDD019F}.Release|Any CPU.ActiveCfg = Release|Any CPU
		{BA901E7E-435A-4668-A860-74103CDD019F}.Release|Any CPU.Build.0 = Release|Any CPU
		{BA901E7E-435A-4668-A860-74103CDD019F}.Release|x64.ActiveCfg = Release|Any CPU
		{BA901E7E-435A-4668-A860-74103CDD019F}.Release|x64.Build.0 = Release|Any CPU
		{BA901E7E-435A-4668-A860-74103CDD019F}.Release|x86.ActiveCfg = Release|Any CPU
		{BA901E7E-435A-4668-A860-74103CDD019F}.Release|x86.Build.0 = Release|Any CPU
		{E1898D04-EDF3-4FB1-A190-26EC8A91D6E6}.Debug|Any CPU.ActiveCfg = Debug|Any CPU
		{E1898D04-EDF3-4FB1-A190-26EC8A91D6E6}.Debug|Any CPU.Build.0 = Debug|Any CPU
		{E1898D04-EDF3-4FB1-A190-26EC8A91D6E6}.Debug|x64.ActiveCfg = Debug|Any CPU
		{E1898D04-EDF3-4FB1-A190-26EC8A91D6E6}.Debug|x64.Build.0 = Debug|Any CPU
		{E1898D04-EDF3-4FB1-A190-26EC8A91D6E6}.Debug|x86.ActiveCfg = Debug|Any CPU
		{E1898D04-EDF3-4FB1-A190-26EC8A91D6E6}.Debug|x86.Build.0 = Debug|Any CPU
		{E1898D04-EDF3-4FB1-A190-26EC8A91D6E6}.Release|Any CPU.ActiveCfg = Release|Any CPU
		{E1898D04-EDF3-4FB1-A190-26EC8A91D6E6}.Release|Any CPU.Build.0 = Release|Any CPU
		{E1898D04-EDF3-4FB1-A190-26EC8A91D6E6}.Release|x64.ActiveCfg = Release|Any CPU
		{E1898D04-EDF3-4FB1-A190-26EC8A91D6E6}.Release|x64.Build.0 = Release|Any CPU
		{E1898D04-EDF3-4FB1-A190-26EC8A91D6E6}.Release|x86.ActiveCfg = Release|Any CPU
		{E1898D04-EDF3-4FB1-A190-26EC8A91D6E6}.Release|x86.Build.0 = Release|Any CPU
	EndGlobalSection
	GlobalSection(SolutionProperties) = preSolution
		HideSolutionNode = FALSE
	EndGlobalSection
	GlobalSection(NestedProjects) = preSolution
		{112D3DA8-8800-4DAF-9170-B1F0EB8249C7} = {9FA3D6BD-1EC1-3BA5-80CB-CE02773A58D5}
		{8F659334-9906-4693-B1D3-8ABC188E83A5} = {9FA3D6BD-1EC1-3BA5-80CB-CE02773A58D5}
		{86A443FF-7326-4B21-BC81-20813A7E307E} = {9FA3D6BD-1EC1-3BA5-80CB-CE02773A58D5}
		{113DA4E9-73EB-411C-B328-6440DBB5AB1C} = {9FA3D6BD-1EC1-3BA5-80CB-CE02773A58D5}
		{A712B3C4-2E5F-4A9B-B0D1-8F6C7E2A9D31} = {9FA3D6BD-1EC1-3BA5-80CB-CE02773A58D5}
		{AF129C4E-C562-420F-95A6-0537495A0522} = {9FA3D6BD-1EC1-3BA5-80CB-CE02773A58D5}
		{C7F64F63-86AD-4976-B172-5BB6E93BC67B} = {9FA3D6BD-1EC1-3BA5-80CB-CE02773A58D5}
		{A977E0C2-4216-4411-966C-74CB24F8C2B1} = {9FA3D6BD-1EC1-3BA5-80CB-CE02773A58D5}
		{E50A4078-0460-450E-86B9-D2FC3DCEEA8F} = {9FA3D6BD-1EC1-3BA5-80CB-CE02773A58D5}
		{394FCF3B-F196-454C-A863-C9005D679F65} = {9FA3D6BD-1EC1-3BA5-80CB-CE02773A58D5}
		{25F2EB07-0316-4213-B0BB-761D57A14E2F} = {9FA3D6BD-1EC1-3BA5-80CB-CE02773A58D5}
		{0774B44C-822D-40DB-B30F-C8BBBCCC3D3B} = {9FA3D6BD-1EC1-3BA5-80CB-CE02773A58D5}
		{3DF45F9B-4E60-47AD-AA9B-E429E11DBD0A} = {9FA3D6BD-1EC1-3BA5-80CB-CE02773A58D5}
		{1E0A8B21-864A-4B73-A9BC-DE57264921AA} = {07C2787E-EAC7-C090-1BA3-A61EC2A24D84}
		{BA901E7E-435A-4668-A860-74103CDD019F} = {07C2787E-EAC7-C090-1BA3-A61EC2A24D84}
		{E1898D04-EDF3-4FB1-A190-26EC8A91D6E6} = {07C2787E-EAC7-C090-1BA3-A61EC2A24D84}
	EndGlobalSection
	GlobalSection(ExtensibilityGlobals) = postSolution
		SolutionGuid = {6CB26318-014D-4959-8116-07FD055D941A}
	EndGlobalSection
EndGlobal
